// !$*UTF8*$!
{
	archiveVersion = 1;
	classes = {
	};
	objectVersion = 55;
	objects = {

/* Begin PBXBuildFile section */
		4F9DA02B27359E8400949D82 /* AppDelegate.swift in Sources */ = {isa = PBXBuildFile; fileRef = 4F9DA02A27359E8400949D82 /* AppDelegate.swift */; };
		4F9DA02D27359E8400949D82 /* SceneDelegate.swift in Sources */ = {isa = PBXBuildFile; fileRef = 4F9DA02C27359E8400949D82 /* SceneDelegate.swift */; };
		4F9DA02F27359E8400949D82 /* ViewController.swift in Sources */ = {isa = PBXBuildFile; fileRef = 4F9DA02E27359E8400949D82 /* ViewController.swift */; };
		4F9DA03227359E8400949D82 /* Main.storyboard in Resources */ = {isa = PBXBuildFile; fileRef = 4F9DA03027359E8400949D82 /* Main.storyboard */; };
		4F9DA03427359E8700949D82 /* Assets.xcassets in Resources */ = {isa = PBXBuildFile; fileRef = 4F9DA03327359E8700949D82 /* Assets.xcassets */; };
		4F9DA03727359E8700949D82 /* LaunchScreen.storyboard in Resources */ = {isa = PBXBuildFile; fileRef = 4F9DA03527359E8700949D82 /* LaunchScreen.storyboard */; };
		4F9DA04227359E8700949D82 /* moneyBoxTests.swift in Sources */ = {isa = PBXBuildFile; fileRef = 4F9DA04127359E8700949D82 /* moneyBoxTests.swift */; };
		4F9DA04C27359E8800949D82 /* moneyBoxUITests.swift in Sources */ = {isa = PBXBuildFile; fileRef = 4F9DA04B27359E8800949D82 /* moneyBoxUITests.swift */; };
		4F9DA04E27359E8800949D82 /* moneyBoxUITestsLaunchTests.swift in Sources */ = {isa = PBXBuildFile; fileRef = 4F9DA04D27359E8800949D82 /* moneyBoxUITestsLaunchTests.swift */; };
		4F9DA05B2735A13100949D82 /* README.md in Resources */ = {isa = PBXBuildFile; fileRef = 4F9DA05A2735A13100949D82 /* README.md */; };
/* End PBXBuildFile section */

/* Begin PBXContainerItemProxy section */
		4F9DA03E27359E8700949D82 /* PBXContainerItemProxy */ = {
			isa = PBXContainerItemProxy;
			containerPortal = 4F9DA01F27359E8400949D82 /* Project object */;
			proxyType = 1;
			remoteGlobalIDString = 4F9DA02627359E8400949D82;
			remoteInfo = moneyBox;
		};
		4F9DA04827359E8800949D82 /* PBXContainerItemProxy */ = {
			isa = PBXContainerItemProxy;
			containerPortal = 4F9DA01F27359E8400949D82 /* Project object */;
			proxyType = 1;
			remoteGlobalIDString = 4F9DA02627359E8400949D82;
			remoteInfo = moneyBox;
		};
/* End PBXContainerItemProxy section */

/* Begin PBXFileReference section */
		4F9DA02727359E8400949D82 /* moneyBox.app */ = {isa = PBXFileReference; explicitFileType = wrapper.application; includeInIndex = 0; path = moneyBox.app; sourceTree = BUILT_PRODUCTS_DIR; };
		4F9DA02A27359E8400949D82 /* AppDelegate.swift */ = {isa = PBXFileReference; lastKnownFileType = sourcecode.swift; path = AppDelegate.swift; sourceTree = "<group>"; };
		4F9DA02C27359E8400949D82 /* SceneDelegate.swift */ = {isa = PBXFileReference; lastKnownFileType = sourcecode.swift; path = SceneDelegate.swift; sourceTree = "<group>"; };
		4F9DA02E27359E8400949D82 /* ViewController.swift */ = {isa = PBXFileReference; lastKnownFileType = sourcecode.swift; path = ViewController.swift; sourceTree = "<group>"; };
		4F9DA03127359E8400949D82 /* Base */ = {isa = PBXFileReference; lastKnownFileType = file.storyboard; name = Base; path = Base.lproj/Main.storyboard; sourceTree = "<group>"; };
		4F9DA03327359E8700949D82 /* Assets.xcassets */ = {isa = PBXFileReference; lastKnownFileType = folder.assetcatalog; path = Assets.xcassets; sourceTree = "<group>"; };
		4F9DA03627359E8700949D82 /* Base */ = {isa = PBXFileReference; lastKnownFileType = file.storyboard; name = Base; path = Base.lproj/LaunchScreen.storyboard; sourceTree = "<group>"; };
		4F9DA03827359E8700949D82 /* Info.plist */ = {isa = PBXFileReference; lastKnownFileType = text.plist.xml; path = Info.plist; sourceTree = "<group>"; };
		4F9DA03D27359E8700949D82 /* moneyBoxTests.xctest */ = {isa = PBXFileReference; explicitFileType = wrapper.cfbundle; includeInIndex = 0; path = moneyBoxTests.xctest; sourceTree = BUILT_PRODUCTS_DIR; };
		4F9DA04127359E8700949D82 /* moneyBoxTests.swift */ = {isa = PBXFileReference; lastKnownFileType = sourcecode.swift; path = moneyBoxTests.swift; sourceTree = "<group>"; };
		4F9DA04727359E8800949D82 /* moneyBoxUITests.xctest */ = {isa = PBXFileReference; explicitFileType = wrapper.cfbundle; includeInIndex = 0; path = moneyBoxUITests.xctest; sourceTree = BUILT_PRODUCTS_DIR; };
		4F9DA04B27359E8800949D82 /* moneyBoxUITests.swift */ = {isa = PBXFileReference; lastKnownFileType = sourcecode.swift; path = moneyBoxUITests.swift; sourceTree = "<group>"; };
		4F9DA04D27359E8800949D82 /* moneyBoxUITestsLaunchTests.swift */ = {isa = PBXFileReference; lastKnownFileType = sourcecode.swift; path = moneyBoxUITestsLaunchTests.swift; sourceTree = "<group>"; };
		4F9DA05A2735A13100949D82 /* README.md */ = {isa = PBXFileReference; fileEncoding = 4; lastKnownFileType = net.daringfireball.markdown; path = README.md; sourceTree = "<group>"; };
/* End PBXFileReference section */

/* Begin PBXFrameworksBuildPhase section */
		4F9DA02427359E8400949D82 /* Frameworks */ = {
			isa = PBXFrameworksBuildPhase;
			buildActionMask = 2147483647;
			files = (
			);
			runOnlyForDeploymentPostprocessing = 0;
		};
		4F9DA03A27359E8700949D82 /* Frameworks */ = {
			isa = PBXFrameworksBuildPhase;
			buildActionMask = 2147483647;
			files = (
			);
			runOnlyForDeploymentPostprocessing = 0;
		};
		4F9DA04427359E8800949D82 /* Frameworks */ = {
			isa = PBXFrameworksBuildPhase;
			buildActionMask = 2147483647;
			files = (
			);
			runOnlyForDeploymentPostprocessing = 0;
		};
/* End PBXFrameworksBuildPhase section */

/* Begin PBXGroup section */
		4F9DA01E27359E8400949D82 = {
			isa = PBXGroup;
			children = (
				4F9DA05A2735A13100949D82 /* README.md */,
				4F9DA02927359E8400949D82 /* moneyBox */,
				4F9DA04027359E8700949D82 /* moneyBoxTests */,
				4F9DA04A27359E8800949D82 /* moneyBoxUITests */,
				4F9DA02827359E8400949D82 /* Products */,
			);
			sourceTree = "<group>";
		};
		4F9DA02827359E8400949D82 /* Products */ = {
			isa = PBXGroup;
			children = (
				4F9DA02727359E8400949D82 /* moneyBox.app */,
				4F9DA03D27359E8700949D82 /* moneyBoxTests.xctest */,
				4F9DA04727359E8800949D82 /* moneyBoxUITests.xctest */,
			);
			name = Products;
			sourceTree = "<group>";
		};
		4F9DA02927359E8400949D82 /* moneyBox */ = {
			isa = PBXGroup;
			children = (
				4F9DA02A27359E8400949D82 /* AppDelegate.swift */,
				4F9DA02C27359E8400949D82 /* SceneDelegate.swift */,
				4F9DA02E27359E8400949D82 /* ViewController.swift */,
				4F9DA03027359E8400949D82 /* Main.storyboard */,
				4F9DA03327359E8700949D82 /* Assets.xcassets */,
				4F9DA03527359E8700949D82 /* LaunchScreen.storyboard */,
				4F9DA03827359E8700949D82 /* Info.plist */,
			);
			path = moneyBox;
			sourceTree = "<group>";
		};
		4F9DA04027359E8700949D82 /* moneyBoxTests */ = {
			isa = PBXGroup;
			children = (
				4F9DA04127359E8700949D82 /* moneyBoxTests.swift */,
			);
			path = moneyBoxTests;
			sourceTree = "<group>";
		};
		4F9DA04A27359E8800949D82 /* moneyBoxUITests */ = {
			isa = PBXGroup;
			children = (
				4F9DA04B27359E8800949D82 /* moneyBoxUITests.swift */,
				4F9DA04D27359E8800949D82 /* moneyBoxUITestsLaunchTests.swift */,
			);
			path = moneyBoxUITests;
			sourceTree = "<group>";
		};
/* End PBXGroup section */

/* Begin PBXNativeTarget section */
		4F9DA02627359E8400949D82 /* moneyBox */ = {
			isa = PBXNativeTarget;
			buildConfigurationList = 4F9DA05127359E8800949D82 /* Build configuration list for PBXNativeTarget "moneyBox" */;
			buildPhases = (
				4F9DA02327359E8400949D82 /* Sources */,
				4F9DA02427359E8400949D82 /* Frameworks */,
				4F9DA02527359E8400949D82 /* Resources */,
			);
			buildRules = (
			);
			dependencies = (
			);
			name = moneyBox;
			productName = moneyBox;
			productReference = 4F9DA02727359E8400949D82 /* moneyBox.app */;
			productType = "com.apple.product-type.application";
		};
		4F9DA03C27359E8700949D82 /* moneyBoxTests */ = {
			isa = PBXNativeTarget;
			buildConfigurationList = 4F9DA05427359E8800949D82 /* Build configuration list for PBXNativeTarget "moneyBoxTests" */;
			buildPhases = (
				4F9DA03927359E8700949D82 /* Sources */,
				4F9DA03A27359E8700949D82 /* Frameworks */,
				4F9DA03B27359E8700949D82 /* Resources */,
			);
			buildRules = (
			);
			dependencies = (
				4F9DA03F27359E8700949D82 /* PBXTargetDependency */,
			);
			name = moneyBoxTests;
			productName = moneyBoxTests;
			productReference = 4F9DA03D27359E8700949D82 /* moneyBoxTests.xctest */;
			productType = "com.apple.product-type.bundle.unit-test";
		};
		4F9DA04627359E8800949D82 /* moneyBoxUITests */ = {
			isa = PBXNativeTarget;
			buildConfigurationList = 4F9DA05727359E8800949D82 /* Build configuration list for PBXNativeTarget "moneyBoxUITests" */;
			buildPhases = (
				4F9DA04327359E8800949D82 /* Sources */,
				4F9DA04427359E8800949D82 /* Frameworks */,
				4F9DA04527359E8800949D82 /* Resources */,
			);
			buildRules = (
			);
			dependencies = (
				4F9DA04927359E8800949D82 /* PBXTargetDependency */,
			);
			name = moneyBoxUITests;
			productName = moneyBoxUITests;
			productReference = 4F9DA04727359E8800949D82 /* moneyBoxUITests.xctest */;
			productType = "com.apple.product-type.bundle.ui-testing";
		};
/* End PBXNativeTarget section */

/* Begin PBXProject section */
		4F9DA01F27359E8400949D82 /* Project object */ = {
			isa = PBXProject;
			attributes = {
				BuildIndependentTargetsInParallel = 1;
				LastSwiftUpdateCheck = 1300;
				LastUpgradeCheck = 1300;
				TargetAttributes = {
					4F9DA02627359E8400949D82 = {
						CreatedOnToolsVersion = 13.0;
					};
					4F9DA03C27359E8700949D82 = {
						CreatedOnToolsVersion = 13.0;
						TestTargetID = 4F9DA02627359E8400949D82;
					};
					4F9DA04627359E8800949D82 = {
						CreatedOnToolsVersion = 13.0;
						TestTargetID = 4F9DA02627359E8400949D82;
					};
				};
			};
			buildConfigurationList = 4F9DA02227359E8400949D82 /* Build configuration list for PBXProject "moneyBox" */;
			compatibilityVersion = "Xcode 13.0";
			developmentRegion = en;
			hasScannedForEncodings = 0;
			knownRegions = (
				en,
				Base,
			);
			mainGroup = 4F9DA01E27359E8400949D82;
			productRefGroup = 4F9DA02827359E8400949D82 /* Products */;
			projectDirPath = "";
			projectRoot = "";
			targets = (
				4F9DA02627359E8400949D82 /* moneyBox */,
				4F9DA03C27359E8700949D82 /* moneyBoxTests */,
				4F9DA04627359E8800949D82 /* moneyBoxUITests */,
			);
		};
/* End PBXProject section */

/* Begin PBXResourcesBuildPhase section */
		4F9DA02527359E8400949D82 /* Resources */ = {
			isa = PBXResourcesBuildPhase;
			buildActionMask = 2147483647;
			files = (
				4F9DA03727359E8700949D82 /* LaunchScreen.storyboard in Resources */,
				4F9DA03427359E8700949D82 /* Assets.xcassets in Resources */,
				4F9DA05B2735A13100949D82 /* README.md in Resources */,
				4F9DA03227359E8400949D82 /* Main.storyboard in Resources */,
			);
			runOnlyForDeploymentPostprocessing = 0;
		};
		4F9DA03B27359E8700949D82 /* Resources */ = {
			isa = PBXResourcesBuildPhase;
			buildActionMask = 2147483647;
			files = (
			);
			runOnlyForDeploymentPostprocessing = 0;
		};
		4F9DA04527359E8800949D82 /* Resources */ = {
			isa = PBXResourcesBuildPhase;
			buildActionMask = 2147483647;
			files = (
			);
			runOnlyForDeploymentPostprocessing = 0;
		};
/* End PBXResourcesBuildPhase section */

/* Begin PBXSourcesBuildPhase section */
		4F9DA02327359E8400949D82 /* Sources */ = {
			isa = PBXSourcesBuildPhase;
			buildActionMask = 2147483647;
			files = (
				4F9DA02F27359E8400949D82 /* ViewController.swift in Sources */,
				4F9DA02B27359E8400949D82 /* AppDelegate.swift in Sources */,
				4F9DA02D27359E8400949D82 /* SceneDelegate.swift in Sources */,
			);
			runOnlyForDeploymentPostprocessing = 0;
		};
		4F9DA03927359E8700949D82 /* Sources */ = {
			isa = PBXSourcesBuildPhase;
			buildActionMask = 2147483647;
			files = (
				4F9DA04227359E8700949D82 /* moneyBoxTests.swift in Sources */,
			);
			runOnlyForDeploymentPostprocessing = 0;
		};
		4F9DA04327359E8800949D82 /* Sources */ = {
			isa = PBXSourcesBuildPhase;
			buildActionMask = 2147483647;
			files = (
				4F9DA04E27359E8800949D82 /* moneyBoxUITestsLaunchTests.swift in Sources */,
				4F9DA04C27359E8800949D82 /* moneyBoxUITests.swift in Sources */,
			);
			runOnlyForDeploymentPostprocessing = 0;
		};
/* End PBXSourcesBuildPhase section */

/* Begin PBXTargetDependency section */
		4F9DA03F27359E8700949D82 /* PBXTargetDependency */ = {
			isa = PBXTargetDependency;
			target = 4F9DA02627359E8400949D82 /* moneyBox */;
			targetProxy = 4F9DA03E27359E8700949D82 /* PBXContainerItemProxy */;
		};
		4F9DA04927359E8800949D82 /* PBXTargetDependency */ = {
			isa = PBXTargetDependency;
			target = 4F9DA02627359E8400949D82 /* moneyBox */;
			targetProxy = 4F9DA04827359E8800949D82 /* PBXContainerItemProxy */;
		};
/* End PBXTargetDependency section */

/* Begin PBXVariantGroup section */
		4F9DA03027359E8400949D82 /* Main.storyboard */ = {
			isa = PBXVariantGroup;
			children = (
				4F9DA03127359E8400949D82 /* Base */,
			);
			name = Main.storyboard;
			sourceTree = "<group>";
		};
		4F9DA03527359E8700949D82 /* LaunchScreen.storyboard */ = {
			isa = PBXVariantGroup;
			children = (
				4F9DA03627359E8700949D82 /* Base */,
			);
			name = LaunchScreen.storyboard;
			sourceTree = "<group>";
		};
/* End PBXVariantGroup section */

/* Begin XCBuildConfiguration section */
		4F9DA04F27359E8800949D82 /* Debug */ = {
			isa = XCBuildConfiguration;
			buildSettings = {
				ALWAYS_SEARCH_USER_PATHS = NO;
				CLANG_ANALYZER_NONNULL = YES;
				CLANG_ANALYZER_NUMBER_OBJECT_CONVERSION = YES_AGGRESSIVE;
				CLANG_CXX_LANGUAGE_STANDARD = "gnu++17";
				CLANG_CXX_LIBRARY = "libc++";
				CLANG_ENABLE_MODULES = YES;
				CLANG_ENABLE_OBJC_ARC = YES;
				CLANG_ENABLE_OBJC_WEAK = YES;
				CLANG_WARN_BLOCK_CAPTURE_AUTORELEASING = YES;
				CLANG_WARN_BOOL_CONVERSION = YES;
				CLANG_WARN_COMMA = YES;
				CLANG_WARN_CONSTANT_CONVERSION = YES;
				CLANG_WARN_DEPRECATED_OBJC_IMPLEMENTATIONS = YES;
				CLANG_WARN_DIRECT_OBJC_ISA_USAGE = YES_ERROR;
				CLANG_WARN_DOCUMENTATION_COMMENTS = YES;
				CLANG_WARN_EMPTY_BODY = YES;
				CLANG_WARN_ENUM_CONVERSION = YES;
				CLANG_WARN_INFINITE_RECURSION = YES;
				CLANG_WARN_INT_CONVERSION = YES;
				CLANG_WARN_NON_LITERAL_NULL_CONVERSION = YES;
				CLANG_WARN_OBJC_IMPLICIT_RETAIN_SELF = YES;
				CLANG_WARN_OBJC_LITERAL_CONVERSION = YES;
				CLANG_WARN_OBJC_ROOT_CLASS = YES_ERROR;
				CLANG_WARN_QUOTED_INCLUDE_IN_FRAMEWORK_HEADER = YES;
				CLANG_WARN_RANGE_LOOP_ANALYSIS = YES;
				CLANG_WARN_STRICT_PROTOTYPES = YES;
				CLANG_WARN_SUSPICIOUS_MOVE = YES;
				CLANG_WARN_UNGUARDED_AVAILABILITY = YES_AGGRESSIVE;
				CLANG_WARN_UNREACHABLE_CODE = YES;
				CLANG_WARN__DUPLICATE_METHOD_MATCH = YES;
				COPY_PHASE_STRIP = NO;
				DEBUG_INFORMATION_FORMAT = dwarf;
				ENABLE_STRICT_OBJC_MSGSEND = YES;
				ENABLE_TESTABILITY = YES;
				GCC_C_LANGUAGE_STANDARD = gnu11;
				GCC_DYNAMIC_NO_PIC = NO;
				GCC_NO_COMMON_BLOCKS = YES;
				GCC_OPTIMIZATION_LEVEL = 0;
				GCC_PREPROCESSOR_DEFINITIONS = (
					"DEBUG=1",
					"$(inherited)",
				);
				GCC_WARN_64_TO_32_BIT_CONVERSION = YES;
				GCC_WARN_ABOUT_RETURN_TYPE = YES_ERROR;
				GCC_WARN_UNDECLARED_SELECTOR = YES;
				GCC_WARN_UNINITIALIZED_AUTOS = YES_AGGRESSIVE;
				GCC_WARN_UNUSED_FUNCTION = YES;
				GCC_WARN_UNUSED_VARIABLE = YES;
				IPHONEOS_DEPLOYMENT_TARGET = 15.0;
				MTL_ENABLE_DEBUG_INFO = INCLUDE_SOURCE;
				MTL_FAST_MATH = YES;
				ONLY_ACTIVE_ARCH = YES;
				SDKROOT = iphoneos;
				SWIFT_ACTIVE_COMPILATION_CONDITIONS = DEBUG;
				SWIFT_OPTIMIZATION_LEVEL = "-Onone";
			};
			name = Debug;
		};
		4F9DA05027359E8800949D82 /* Release */ = {
			isa = XCBuildConfiguration;
			buildSettings = {
				ALWAYS_SEARCH_USER_PATHS = NO;
				CLANG_ANALYZER_NONNULL = YES;
				CLANG_ANALYZER_NUMBER_OBJECT_CONVERSION = YES_AGGRESSIVE;
				CLANG_CXX_LANGUAGE_STANDARD = "gnu++17";
				CLANG_CXX_LIBRARY = "libc++";
				CLANG_ENABLE_MODULES = YES;
				CLANG_ENABLE_OBJC_ARC = YES;
				CLANG_ENABLE_OBJC_WEAK = YES;
				CLANG_WARN_BLOCK_CAPTURE_AUTORELEASING = YES;
				CLANG_WARN_BOOL_CONVERSION = YES;
				CLANG_WARN_COMMA = YES;
				CLANG_WARN_CONSTANT_CONVERSION = YES;
				CLANG_WARN_DEPRECATED_OBJC_IMPLEMENTATIONS = YES;
				CLANG_WARN_DIRECT_OBJC_ISA_USAGE = YES_ERROR;
				CLANG_WARN_DOCUMENTATION_COMMENTS = YES;
				CLANG_WARN_EMPTY_BODY = YES;
				CLANG_WARN_ENUM_CONVERSION = YES;
				CLANG_WARN_INFINITE_RECURSION = YES;
				CLANG_WARN_INT_CONVERSION = YES;
				CLANG_WARN_NON_LITERAL_NULL_CONVERSION = YES;
				CLANG_WARN_OBJC_IMPLICIT_RETAIN_SELF = YES;
				CLANG_WARN_OBJC_LITERAL_CONVERSION = YES;
				CLANG_WARN_OBJC_ROOT_CLASS = YES_ERROR;
				CLANG_WARN_QUOTED_INCLUDE_IN_FRAMEWORK_HEADER = YES;
				CLANG_WARN_RANGE_LOOP_ANALYSIS = YES;
				CLANG_WARN_STRICT_PROTOTYPES = YES;
				CLANG_WARN_SUSPICIOUS_MOVE = YES;
				CLANG_WARN_UNGUARDED_AVAILABILITY = YES_AGGRESSIVE;
				CLANG_WARN_UNREACHABLE_CODE = YES;
				CLANG_WARN__DUPLICATE_METHOD_MATCH = YES;
				COPY_PHASE_STRIP = NO;
				DEBUG_INFORMATION_FORMAT = "dwarf-with-dsym";
				ENABLE_NS_ASSERTIONS = NO;
				ENABLE_STRICT_OBJC_MSGSEND = YES;
				GCC_C_LANGUAGE_STANDARD = gnu11;
				GCC_NO_COMMON_BLOCKS = YES;
				GCC_WARN_64_TO_32_BIT_CONVERSION = YES;
				GCC_WARN_ABOUT_RETURN_TYPE = YES_ERROR;
				GCC_WARN_UNDECLARED_SELECTOR = YES;
				GCC_WARN_UNINITIALIZED_AUTOS = YES_AGGRESSIVE;
				GCC_WARN_UNUSED_FUNCTION = YES;
				GCC_WARN_UNUSED_VARIABLE = YES;
				IPHONEOS_DEPLOYMENT_TARGET = 15.0;
				MTL_ENABLE_DEBUG_INFO = NO;
				MTL_FAST_MATH = YES;
				SDKROOT = iphoneos;
				SWIFT_COMPILATION_MODE = wholemodule;
				SWIFT_OPTIMIZATION_LEVEL = "-O";
				VALIDATE_PRODUCT = YES;
			};
			name = Release;
		};
		4F9DA05227359E8800949D82 /* Debug */ = {
			isa = XCBuildConfiguration;
			buildSettings = {
				ASSETCATALOG_COMPILER_APPICON_NAME = AppIcon;
				ASSETCATALOG_COMPILER_GLOBAL_ACCENT_COLOR_NAME = AccentColor;
				CODE_SIGN_STYLE = Automatic;
				CURRENT_PROJECT_VERSION = 1;
				DEVELOPMENT_TEAM = 7R3R7GG6QJ;
				GENERATE_INFOPLIST_FILE = YES;
				INFOPLIST_FILE = moneyBox/Info.plist;
				INFOPLIST_KEY_UIApplicationSupportsIndirectInputEvents = YES;
				INFOPLIST_KEY_UILaunchStoryboardName = LaunchScreen;
				INFOPLIST_KEY_UIMainStoryboardFile = Main;
				INFOPLIST_KEY_UISupportedInterfaceOrientations = UIInterfaceOrientationPortrait;
				INFOPLIST_KEY_UISupportedInterfaceOrientations_iPad = "UIInterfaceOrientationPortrait UIInterfaceOrientationPortraitUpsideDown UIInterfaceOrientationLandscapeLeft UIInterfaceOrientationLandscapeRight";
				INFOPLIST_KEY_UISupportedInterfaceOrientations_iPhone = "UIInterfaceOrientationPortrait UIInterfaceOrientationLandscapeLeft UIInterfaceOrientationLandscapeRight";
				IPHONEOS_DEPLOYMENT_TARGET = 13.0;
				LD_RUNPATH_SEARCH_PATHS = (
					"$(inherited)",
					"@executable_path/Frameworks",
				);
				MARKETING_VERSION = 0.0.1;
				PRODUCT_BUNDLE_IDENTIFIER = "nick.chagochkin-gmail.com.moneyBox";
				PRODUCT_NAME = "$(TARGET_NAME)";
				SWIFT_EMIT_LOC_STRINGS = YES;
				SWIFT_VERSION = 5.0;
				TARGETED_DEVICE_FAMILY = "1,2";
			};
			name = Debug;
		};
		4F9DA05327359E8800949D82 /* Release */ = {
			isa = XCBuildConfiguration;
			buildSettings = {
				ASSETCATALOG_COMPILER_APPICON_NAME = AppIcon;
				ASSETCATALOG_COMPILER_GLOBAL_ACCENT_COLOR_NAME = AccentColor;
				CODE_SIGN_STYLE = Automatic;
				CURRENT_PROJECT_VERSION = 1;
				DEVELOPMENT_TEAM = 7R3R7GG6QJ;
				GENERATE_INFOPLIST_FILE = YES;
				INFOPLIST_FILE = moneyBox/Info.plist;
				INFOPLIST_KEY_UIApplicationSupportsIndirectInputEvents = YES;
				INFOPLIST_KEY_UILaunchStoryboardName = LaunchScreen;
				INFOPLIST_KEY_UIMainStoryboardFile = Main;
				INFOPLIST_KEY_UISupportedInterfaceOrientations = UIInterfaceOrientationPortrait;
				INFOPLIST_KEY_UISupportedInterfaceOrientations_iPad = "UIInterfaceOrientationPortrait UIInterfaceOrientationPortraitUpsideDown UIInterfaceOrientationLandscapeLeft UIInterfaceOrientationLandscapeRight";
				INFOPLIST_KEY_UISupportedInterfaceOrientations_iPhone = "UIInterfaceOrientationPortrait UIInterfaceOrientationLandscapeLeft UIInterfaceOrientationLandscapeRight";
				IPHONEOS_DEPLOYMENT_TARGET = 13.0;
				LD_RUNPATH_SEARCH_PATHS = (
					"$(inherited)",
					"@executable_path/Frameworks",
				);
				MARKETING_VERSION = 0.0.1;
				PRODUCT_BUNDLE_IDENTIFIER = "nick.chagochkin-gmail.com.moneyBox";
				PRODUCT_NAME = "$(TARGET_NAME)";
				SWIFT_EMIT_LOC_STRINGS = YES;
				SWIFT_VERSION = 5.0;
				TARGETED_DEVICE_FAMILY = "1,2";
			};
			name = Release;
		};
		4F9DA05527359E8800949D82 /* Debug */ = {
			isa = XCBuildConfiguration;
			buildSettings = {
				ALWAYS_EMBED_SWIFT_STANDARD_LIBRARIES = YES;
				BUNDLE_LOADER = "$(TEST_HOST)";
				CODE_SIGN_STYLE = Automatic;
				CURRENT_PROJECT_VERSION = 1;
				DEVELOPMENT_TEAM = 7R3R7GG6QJ;
				GENERATE_INFOPLIST_FILE = YES;
				IPHONEOS_DEPLOYMENT_TARGET = 15.0;
				LD_RUNPATH_SEARCH_PATHS = (
					"$(inherited)",
					"@executable_path/Frameworks",
					"@loader_path/Frameworks",
				);
				MARKETING_VERSION = 1.0;
				PRODUCT_BUNDLE_IDENTIFIER = "nick.chagochkin-gmail.com.moneyBoxTests";
				PRODUCT_NAME = "$(TARGET_NAME)";
				SWIFT_EMIT_LOC_STRINGS = NO;
				SWIFT_VERSION = 5.0;
				TARGETED_DEVICE_FAMILY = "1,2";
				TEST_HOST = "$(BUILT_PRODUCTS_DIR)/moneyBox.app/moneyBox";
			};
			name = Debug;
		};
		4F9DA05627359E8800949D82 /* Release */ = {
			isa = XCBuildConfiguration;
			buildSettings = {
				ALWAYS_EMBED_SWIFT_STANDARD_LIBRARIES = YES;
				BUNDLE_LOADER = "$(TEST_HOST)";
				CODE_SIGN_STYLE = Automatic;
				CURRENT_PROJECT_VERSION = 1;
				DEVELOPMENT_TEAM = 7R3R7GG6QJ;
				GENERATE_INFOPLIST_FILE = YES;
				IPHONEOS_DEPLOYMENT_TARGET = 15.0;
				LD_RUNPATH_SEARCH_PATHS = (
					"$(inherited)",
					"@executable_path/Frameworks",
					"@loader_path/Frameworks",
				);
				MARKETING_VERSION = 1.0;
				PRODUCT_BUNDLE_IDENTIFIER = "nick.chagochkin-gmail.com.moneyBoxTests";
				PRODUCT_NAME = "$(TARGET_NAME)";
				SWIFT_EMIT_LOC_STRINGS = NO;
				SWIFT_VERSION = 5.0;
				TARGETED_DEVICE_FAMILY = "1,2";
				TEST_HOST = "$(BUILT_PRODUCTS_DIR)/moneyBox.app/moneyBox";
			};
			name = Release;
		};
		4F9DA05827359E8800949D82 /* Debug */ = {
			isa = XCBuildConfiguration;
			buildSettings = {
				ALWAYS_EMBED_SWIFT_STANDARD_LIBRARIES = YES;
				CODE_SIGN_STYLE = Automatic;
				CURRENT_PROJECT_VERSION = 1;
				DEVELOPMENT_TEAM = 7R3R7GG6QJ;
				GENERATE_INFOPLIST_FILE = YES;
				LD_RUNPATH_SEARCH_PATHS = (
					"$(inherited)",
					"@executable_path/Frameworks",
					"@loader_path/Frameworks",
				);
				MARKETING_VERSION = 1.0;
				PRODUCT_BUNDLE_IDENTIFIER = "nick.chagochkin-gmail.com.moneyBoxUITests";
				PRODUCT_NAME = "$(TARGET_NAME)";
				SWIFT_EMIT_LOC_STRINGS = NO;
				SWIFT_VERSION = 5.0;
				TARGETED_DEVICE_FAMILY = "1,2";
				TEST_TARGET_NAME = moneyBox;
			};
			name = Debug;
		};
		4F9DA05927359E8800949D82 /* Release */ = {
			isa = XCBuildConfiguration;
			buildSettings = {
				ALWAYS_EMBED_SWIFT_STANDARD_LIBRARIES = YES;
				CODE_SIGN_STYLE = Automatic;
				CURRENT_PROJECT_VERSION = 1;
				DEVELOPMENT_TEAM = 7R3R7GG6QJ;
				GENERATE_INFOPLIST_FILE = YES;
				LD_RUNPATH_SEARCH_PATHS = (
					"$(inherited)",
					"@executable_path/Frameworks",
					"@loader_path/Frameworks",
				);
				MARKETING_VERSION = 1.0;
				PRODUCT_BUNDLE_IDENTIFIER = "nick.chagochkin-gmail.com.moneyBoxUITests";
				PRODUCT_NAME = "$(TARGET_NAME)";
				SWIFT_EMIT_LOC_STRINGS = NO;
				SWIFT_VERSION = 5.0;
				TARGETED_DEVICE_FAMILY = "1,2";
				TEST_TARGET_NAME = moneyBox;
			};
			name = Release;
		};
/* End XCBuildConfiguration section */

/* Begin XCConfigurationList section */
		4F9DA02227359E8400949D82 /* Build configuration list for PBXProject "moneyBox" */ = {
			isa = XCConfigurationList;
			buildConfigurations = (
				4F9DA04F27359E8800949D82 /* Debug */,
				4F9DA05027359E8800949D82 /* Release */,
			);
			defaultConfigurationIsVisible = 0;
			defaultConfigurationName = Release;
		};
		4F9DA05127359E8800949D82 /* Build configuration list for PBXNativeTarget "moneyBox" */ = {
			isa = XCConfigurationList;
			buildConfigurations = (
				4F9DA05227359E8800949D82 /* Debug */,
				4F9DA05327359E8800949D82 /* Release */,
			);
			defaultConfigurationIsVisible = 0;
			defaultConfigurationName = Release;
		};
		4F9DA05427359E8800949D82 /* Build configuration list for PBXNativeTarget "moneyBoxTests" */ = {
			isa = XCConfigurationList;
			buildConfigurations = (
				4F9DA05527359E8800949D82 /* Debug */,
				4F9DA05627359E8800949D82 /* Release */,
			);
			defaultConfigurationIsVisible = 0;
			defaultConfigurationName = Release;
		};
		4F9DA05727359E8800949D82 /* Build configuration list for PBXNativeTarget "moneyBoxUITests" */ = {
			isa = XCConfigurationList;
			buildConfigurations = (
				4F9DA05827359E8800949D82 /* Debug */,
				4F9DA05927359E8800949D82 /* Release */,
			);
			defaultConfigurationIsVisible = 0;
			defaultConfigurationName = Release;
		};
/* End XCConfigurationList section */
	};
	rootObject = 4F9DA01F27359E8400949D82 /* Project object */;
}
